# THIS IS AN AUTOGENERATED FILE. DO NOT EDIT THIS FILE DIRECTLY.
# yarn lockfile v1


node-audiorecorder@^3.0.0:
  version "3.0.0"
  resolved "https://registry.yarnpkg.com/node-audiorecorder/-/node-audiorecorder-3.0.0.tgz#a14407f4aad6eef6eef471e1dbb5282c62567c96"
  integrity sha512-nQepUJdQT4wD985zn7113tLZqVv0dh9ly9bsB6bE3GllPordEGUL7gFVnG2GCVArz/J/K+N50wo0574bwdpOeA==
